// !$*UTF8*$!
{
	archiveVersion = 1;
	classes = {
	};
	objectVersion = 46;
	objects = {

/* Begin PBXBuildFile section */
		9E76E80718C19B0700D409D6 /* Foundation.framework in Frameworks */ = {isa = PBXBuildFile; fileRef = 9E76E80618C19B0700D409D6 /* Foundation.framework */; };
		9E76E80918C19B0700D409D6 /* CoreGraphics.framework in Frameworks */ = {isa = PBXBuildFile; fileRef = 9E76E80818C19B0700D409D6 /* CoreGraphics.framework */; };
		9E76E80B18C19B0800D409D6 /* UIKit.framework in Frameworks */ = {isa = PBXBuildFile; fileRef = 9E76E80A18C19B0800D409D6 /* UIKit.framework */; };
		9E76E81118C19B0800D409D6 /* InfoPlist.strings in Resources */ = {isa = PBXBuildFile; fileRef = 9E76E80F18C19B0800D409D6 /* InfoPlist.strings */; };
		9E76E81318C19B0800D409D6 /* main.m in Sources */ = {isa = PBXBuildFile; fileRef = 9E76E81218C19B0800D409D6 /* main.m */; };
		9E76E81718C19B0800D409D6 /* EnoAppDelegate.m in Sources */ = {isa = PBXBuildFile; fileRef = 9E76E81618C19B0800D409D6 /* EnoAppDelegate.m */; };
		9E76E81918C19B0800D409D6 /* Images.xcassets in Resources */ = {isa = PBXBuildFile; fileRef = 9E76E81818C19B0800D409D6 /* Images.xcassets */; };
		9E76E82018C19B0800D409D6 /* XCTest.framework in Frameworks */ = {isa = PBXBuildFile; fileRef = 9E76E81F18C19B0800D409D6 /* XCTest.framework */; };
		9E76E82118C19B0800D409D6 /* Foundation.framework in Frameworks */ = {isa = PBXBuildFile; fileRef = 9E76E80618C19B0700D409D6 /* Foundation.framework */; };
		9E76E82218C19B0800D409D6 /* UIKit.framework in Frameworks */ = {isa = PBXBuildFile; fileRef = 9E76E80A18C19B0800D409D6 /* UIKit.framework */; };
		9E76E82A18C19B0800D409D6 /* InfoPlist.strings in Resources */ = {isa = PBXBuildFile; fileRef = 9E76E82818C19B0800D409D6 /* InfoPlist.strings */; };
		9E76E82C18C19B0800D409D6 /* PassingEncountTests.m in Sources */ = {isa = PBXBuildFile; fileRef = 9E76E82B18C19B0800D409D6 /* PassingEncountTests.m */; };
		9E76E83D18C19DCF00D409D6 /* EnoTabBarController.m in Sources */ = {isa = PBXBuildFile; fileRef = 9E76E83C18C19DCF00D409D6 /* EnoTabBarController.m */; };
		9E76E84118C19EEC00D409D6 /* EnoPassingViewController.m in Sources */ = {isa = PBXBuildFile; fileRef = 9E76E83F18C19EEC00D409D6 /* EnoPassingViewController.m */; };
		9E76E84218C19EEC00D409D6 /* EnoPassingViewController.xib in Resources */ = {isa = PBXBuildFile; fileRef = 9E76E84018C19EEC00D409D6 /* EnoPassingViewController.xib */; };
		9E76E84618C1A0A400D409D6 /* EnoMyProfileViewController.m in Sources */ = {isa = PBXBuildFile; fileRef = 9E76E84418C1A0A400D409D6 /* EnoMyProfileViewController.m */; };
		9E76E84718C1A0A400D409D6 /* EnoMyProfileViewController.xib in Resources */ = {isa = PBXBuildFile; fileRef = 9E76E84518C1A0A400D409D6 /* EnoMyProfileViewController.xib */; };
		9E76E85618C1FF7F00D409D6 /* EnoUIAsyncImageView.m in Sources */ = {isa = PBXBuildFile; fileRef = 9E76E85518C1FF7F00D409D6 /* EnoUIAsyncImageView.m */; };
		9E76E85A18C247E000D409D6 /* EnoEditIconViewController.m in Sources */ = {isa = PBXBuildFile; fileRef = 9E76E85818C247E000D409D6 /* EnoEditIconViewController.m */; };
		9E76E85B18C247E000D409D6 /* EnoEditIconViewController.xib in Resources */ = {isa = PBXBuildFile; fileRef = 9E76E85918C247E000D409D6 /* EnoEditIconViewController.xib */; };
		9E76E86318C25F8F00D409D6 /* EnoProfileInfo.m in Sources */ = {isa = PBXBuildFile; fileRef = 9E76E86218C25F8F00D409D6 /* EnoProfileInfo.m */; };
		9E76E86618C260A400D409D6 /* EnoProfileJsonParser.m in Sources */ = {isa = PBXBuildFile; fileRef = 9E76E86518C260A400D409D6 /* EnoProfileJsonParser.m */; };
		9E76E86A18C271C600D409D6 /* EnoConst.m in Sources */ = {isa = PBXBuildFile; fileRef = 9E76E86918C271C600D409D6 /* EnoConst.m */; };
		9E76E86D18C2785C00D409D6 /* EnoNSUserDefaults.m in Sources */ = {isa = PBXBuildFile; fileRef = 9E76E86C18C2785C00D409D6 /* EnoNSUserDefaults.m */; };
		9E76E87018C2DE7F00D409D6 /* EnoPassingTableViewCell.m in Sources */ = {isa = PBXBuildFile; fileRef = 9E76E86F18C2DE7F00D409D6 /* EnoPassingTableViewCell.m */; };
		9E76E87218C2DED700D409D6 /* EnoPassingTableViewCell.xib in Resources */ = {isa = PBXBuildFile; fileRef = 9E76E87118C2DED700D409D6 /* EnoPassingTableViewCell.xib */; };
		9E76E87518C302A500D409D6 /* EnoPassingInfo.m in Sources */ = {isa = PBXBuildFile; fileRef = 9E76E87418C302A500D409D6 /* EnoPassingInfo.m */; };
		9E76E87718C3078700D409D6 /* CoreBluetooth.framework in Frameworks */ = {isa = PBXBuildFile; fileRef = 9E76E87618C3078700D409D6 /* CoreBluetooth.framework */; };
/* End PBXBuildFile section */

/* Begin PBXContainerItemProxy section */
		9E76E82318C19B0800D409D6 /* PBXContainerItemProxy */ = {
			isa = PBXContainerItemProxy;
			containerPortal = 9E76E7FB18C19B0700D409D6 /* Project object */;
			proxyType = 1;
			remoteGlobalIDString = 9E76E80218C19B0700D409D6;
			remoteInfo = PassingEncount;
		};
/* End PBXContainerItemProxy section */

/* Begin PBXFileReference section */
		9E76E80318C19B0700D409D6 /* PassingEncount.app */ = {isa = PBXFileReference; explicitFileType = wrapper.application; includeInIndex = 0; path = PassingEncount.app; sourceTree = BUILT_PRODUCTS_DIR; };
		9E76E80618C19B0700D409D6 /* Foundation.framework */ = {isa = PBXFileReference; lastKnownFileType = wrapper.framework; name = Foundation.framework; path = System/Library/Frameworks/Foundation.framework; sourceTree = SDKROOT; };
		9E76E80818C19B0700D409D6 /* CoreGraphics.framework */ = {isa = PBXFileReference; lastKnownFileType = wrapper.framework; name = CoreGraphics.framework; path = System/Library/Frameworks/CoreGraphics.framework; sourceTree = SDKROOT; };
		9E76E80A18C19B0800D409D6 /* UIKit.framework */ = {isa = PBXFileReference; lastKnownFileType = wrapper.framework; name = UIKit.framework; path = System/Library/Frameworks/UIKit.framework; sourceTree = SDKROOT; };
		9E76E80E18C19B0800D409D6 /* PassingEncount-Info.plist */ = {isa = PBXFileReference; lastKnownFileType = text.plist.xml; path = "PassingEncount-Info.plist"; sourceTree = "<group>"; };
		9E76E81018C19B0800D409D6 /* en */ = {isa = PBXFileReference; lastKnownFileType = text.plist.strings; name = en; path = en.lproj/InfoPlist.strings; sourceTree = "<group>"; };
		9E76E81218C19B0800D409D6 /* main.m */ = {isa = PBXFileReference; lastKnownFileType = sourcecode.c.objc; path = main.m; sourceTree = "<group>"; };
		9E76E81418C19B0800D409D6 /* PassingEncount-Prefix.pch */ = {isa = PBXFileReference; lastKnownFileType = sourcecode.c.h; path = "PassingEncount-Prefix.pch"; sourceTree = "<group>"; };
		9E76E81518C19B0800D409D6 /* EnoAppDelegate.h */ = {isa = PBXFileReference; lastKnownFileType = sourcecode.c.h; path = EnoAppDelegate.h; sourceTree = "<group>"; };
		9E76E81618C19B0800D409D6 /* EnoAppDelegate.m */ = {isa = PBXFileReference; lastKnownFileType = sourcecode.c.objc; path = EnoAppDelegate.m; sourceTree = "<group>"; };
		9E76E81818C19B0800D409D6 /* Images.xcassets */ = {isa = PBXFileReference; lastKnownFileType = folder.assetcatalog; path = Images.xcassets; sourceTree = "<group>"; };
		9E76E81E18C19B0800D409D6 /* PassingEncountTests.xctest */ = {isa = PBXFileReference; explicitFileType = wrapper.cfbundle; includeInIndex = 0; path = PassingEncountTests.xctest; sourceTree = BUILT_PRODUCTS_DIR; };
		9E76E81F18C19B0800D409D6 /* XCTest.framework */ = {isa = PBXFileReference; lastKnownFileType = wrapper.framework; name = XCTest.framework; path = Library/Frameworks/XCTest.framework; sourceTree = DEVELOPER_DIR; };
		9E76E82718C19B0800D409D6 /* PassingEncountTests-Info.plist */ = {isa = PBXFileReference; lastKnownFileType = text.plist.xml; path = "PassingEncountTests-Info.plist"; sourceTree = "<group>"; };
		9E76E82918C19B0800D409D6 /* en */ = {isa = PBXFileReference; lastKnownFileType = text.plist.strings; name = en; path = en.lproj/InfoPlist.strings; sourceTree = "<group>"; };
		9E76E82B18C19B0800D409D6 /* PassingEncountTests.m */ = {isa = PBXFileReference; lastKnownFileType = sourcecode.c.objc; path = PassingEncountTests.m; sourceTree = "<group>"; };
		9E76E83B18C19DCF00D409D6 /* EnoTabBarController.h */ = {isa = PBXFileReference; fileEncoding = 4; lastKnownFileType = sourcecode.c.h; path = EnoTabBarController.h; sourceTree = "<group>"; };
		9E76E83C18C19DCF00D409D6 /* EnoTabBarController.m */ = {isa = PBXFileReference; fileEncoding = 4; lastKnownFileType = sourcecode.c.objc; path = EnoTabBarController.m; sourceTree = "<group>"; };
		9E76E83E18C19EEC00D409D6 /* EnoPassingViewController.h */ = {isa = PBXFileReference; fileEncoding = 4; lastKnownFileType = sourcecode.c.h; path = EnoPassingViewController.h; sourceTree = "<group>"; };
		9E76E83F18C19EEC00D409D6 /* EnoPassingViewController.m */ = {isa = PBXFileReference; fileEncoding = 4; lastKnownFileType = sourcecode.c.objc; path = EnoPassingViewController.m; sourceTree = "<group>"; };
		9E76E84018C19EEC00D409D6 /* EnoPassingViewController.xib */ = {isa = PBXFileReference; fileEncoding = 4; lastKnownFileType = file.xib; path = EnoPassingViewController.xib; sourceTree = "<group>"; };
		9E76E84318C1A0A400D409D6 /* EnoMyProfileViewController.h */ = {isa = PBXFileReference; fileEncoding = 4; lastKnownFileType = sourcecode.c.h; path = EnoMyProfileViewController.h; sourceTree = "<group>"; };
		9E76E84418C1A0A400D409D6 /* EnoMyProfileViewController.m */ = {isa = PBXFileReference; fileEncoding = 4; lastKnownFileType = sourcecode.c.objc; path = EnoMyProfileViewController.m; sourceTree = "<group>"; };
		9E76E84518C1A0A400D409D6 /* EnoMyProfileViewController.xib */ = {isa = PBXFileReference; fileEncoding = 4; lastKnownFileType = file.xib; path = EnoMyProfileViewController.xib; sourceTree = "<group>"; };
		9E76E85418C1FF7F00D409D6 /* EnoUIAsyncImageView.h */ = {isa = PBXFileReference; fileEncoding = 4; lastKnownFileType = sourcecode.c.h; path = EnoUIAsyncImageView.h; sourceTree = "<group>"; };
		9E76E85518C1FF7F00D409D6 /* EnoUIAsyncImageView.m */ = {isa = PBXFileReference; fileEncoding = 4; lastKnownFileType = sourcecode.c.objc; path = EnoUIAsyncImageView.m; sourceTree = "<group>"; };
		9E76E85718C247E000D409D6 /* EnoEditIconViewController.h */ = {isa = PBXFileReference; fileEncoding = 4; lastKnownFileType = sourcecode.c.h; path = EnoEditIconViewController.h; sourceTree = "<group>"; };
		9E76E85818C247E000D409D6 /* EnoEditIconViewController.m */ = {isa = PBXFileReference; fileEncoding = 4; lastKnownFileType = sourcecode.c.objc; path = EnoEditIconViewController.m; sourceTree = "<group>"; };
		9E76E85918C247E000D409D6 /* EnoEditIconViewController.xib */ = {isa = PBXFileReference; fileEncoding = 4; lastKnownFileType = file.xib; path = EnoEditIconViewController.xib; sourceTree = "<group>"; };
		9E76E86118C25F8F00D409D6 /* EnoProfileInfo.h */ = {isa = PBXFileReference; fileEncoding = 4; lastKnownFileType = sourcecode.c.h; path = EnoProfileInfo.h; sourceTree = "<group>"; };
		9E76E86218C25F8F00D409D6 /* EnoProfileInfo.m */ = {isa = PBXFileReference; fileEncoding = 4; lastKnownFileType = sourcecode.c.objc; path = EnoProfileInfo.m; sourceTree = "<group>"; };
		9E76E86418C260A400D409D6 /* EnoProfileJsonParser.h */ = {isa = PBXFileReference; fileEncoding = 4; lastKnownFileType = sourcecode.c.h; path = EnoProfileJsonParser.h; sourceTree = "<group>"; };
		9E76E86518C260A400D409D6 /* EnoProfileJsonParser.m */ = {isa = PBXFileReference; fileEncoding = 4; lastKnownFileType = sourcecode.c.objc; path = EnoProfileJsonParser.m; sourceTree = "<group>"; };
		9E76E86818C271C600D409D6 /* EnoConst.h */ = {isa = PBXFileReference; fileEncoding = 4; lastKnownFileType = sourcecode.c.h; path = EnoConst.h; sourceTree = "<group>"; };
		9E76E86918C271C600D409D6 /* EnoConst.m */ = {isa = PBXFileReference; fileEncoding = 4; lastKnownFileType = sourcecode.c.objc; path = EnoConst.m; sourceTree = "<group>"; };
		9E76E86B18C2785C00D409D6 /* EnoNSUserDefaults.h */ = {isa = PBXFileReference; fileEncoding = 4; lastKnownFileType = sourcecode.c.h; path = EnoNSUserDefaults.h; sourceTree = "<group>"; };
		9E76E86C18C2785C00D409D6 /* EnoNSUserDefaults.m */ = {isa = PBXFileReference; fileEncoding = 4; lastKnownFileType = sourcecode.c.objc; path = EnoNSUserDefaults.m; sourceTree = "<group>"; };
		9E76E86E18C2DE7F00D409D6 /* EnoPassingTableViewCell.h */ = {isa = PBXFileReference; fileEncoding = 4; lastKnownFileType = sourcecode.c.h; path = EnoPassingTableViewCell.h; sourceTree = "<group>"; };
		9E76E86F18C2DE7F00D409D6 /* EnoPassingTableViewCell.m */ = {isa = PBXFileReference; fileEncoding = 4; lastKnownFileType = sourcecode.c.objc; path = EnoPassingTableViewCell.m; sourceTree = "<group>"; };
		9E76E87118C2DED700D409D6 /* EnoPassingTableViewCell.xib */ = {isa = PBXFileReference; fileEncoding = 4; lastKnownFileType = file.xib; path = EnoPassingTableViewCell.xib; sourceTree = "<group>"; };
		9E76E87318C302A500D409D6 /* EnoPassingInfo.h */ = {isa = PBXFileReference; fileEncoding = 4; lastKnownFileType = sourcecode.c.h; path = EnoPassingInfo.h; sourceTree = "<group>"; };
		9E76E87418C302A500D409D6 /* EnoPassingInfo.m */ = {isa = PBXFileReference; fileEncoding = 4; lastKnownFileType = sourcecode.c.objc; path = EnoPassingInfo.m; sourceTree = "<group>"; };
		9E76E87618C3078700D409D6 /* CoreBluetooth.framework */ = {isa = PBXFileReference; lastKnownFileType = wrapper.framework; name = CoreBluetooth.framework; path = System/Library/Frameworks/CoreBluetooth.framework; sourceTree = SDKROOT; };
/* End PBXFileReference section */

/* Begin PBXFrameworksBuildPhase section */
		9E76E80018C19B0700D409D6 /* Frameworks */ = {
			isa = PBXFrameworksBuildPhase;
			buildActionMask = 2147483647;
			files = (
				9E76E87718C3078700D409D6 /* CoreBluetooth.framework in Frameworks */,
				9E76E80918C19B0700D409D6 /* CoreGraphics.framework in Frameworks */,
				9E76E80B18C19B0800D409D6 /* UIKit.framework in Frameworks */,
				9E76E80718C19B0700D409D6 /* Foundation.framework in Frameworks */,
			);
			runOnlyForDeploymentPostprocessing = 0;
		};
		9E76E81B18C19B0800D409D6 /* Frameworks */ = {
			isa = PBXFrameworksBuildPhase;
			buildActionMask = 2147483647;
			files = (
				9E76E82018C19B0800D409D6 /* XCTest.framework in Frameworks */,
				9E76E82218C19B0800D409D6 /* UIKit.framework in Frameworks */,
				9E76E82118C19B0800D409D6 /* Foundation.framework in Frameworks */,
			);
			runOnlyForDeploymentPostprocessing = 0;
		};
/* End PBXFrameworksBuildPhase section */

/* Begin PBXGroup section */
		9E76E7FA18C19B0700D409D6 = {
			isa = PBXGroup;
			children = (
				9E76E80C18C19B0800D409D6 /* PassingEncount */,
				9E76E82518C19B0800D409D6 /* PassingEncountTests */,
				9E76E80518C19B0700D409D6 /* Frameworks */,
				9E76E80418C19B0700D409D6 /* Products */,
			);
			sourceTree = "<group>";
		};
		9E76E80418C19B0700D409D6 /* Products */ = {
			isa = PBXGroup;
			children = (
				9E76E80318C19B0700D409D6 /* PassingEncount.app */,
				9E76E81E18C19B0800D409D6 /* PassingEncountTests.xctest */,
			);
			name = Products;
			sourceTree = "<group>";
		};
		9E76E80518C19B0700D409D6 /* Frameworks */ = {
			isa = PBXGroup;
			children = (
				9E76E87618C3078700D409D6 /* CoreBluetooth.framework */,
				9E76E80618C19B0700D409D6 /* Foundation.framework */,
				9E76E80818C19B0700D409D6 /* CoreGraphics.framework */,
				9E76E80A18C19B0800D409D6 /* UIKit.framework */,
				9E76E81F18C19B0800D409D6 /* XCTest.framework */,
			);
			name = Frameworks;
			sourceTree = "<group>";
		};
		9E76E80C18C19B0800D409D6 /* PassingEncount */ = {
			isa = PBXGroup;
			children = (
				9E76E86718C2718B00D409D6 /* Utils */,
				9E76E85D18C25F4200D409D6 /* Parsers */,
				9E76E85C18C25E2800D409D6 /* Models */,
				9E76E85318C1FF2400D409D6 /* Views */,
				9E76E83518C19D2C00D409D6 /* ViewControllers */,
				9E76E81518C19B0800D409D6 /* EnoAppDelegate.h */,
				9E76E81618C19B0800D409D6 /* EnoAppDelegate.m */,
				9E76E81818C19B0800D409D6 /* Images.xcassets */,
				9E76E80D18C19B0800D409D6 /* Supporting Files */,
			);
			path = PassingEncount;
			sourceTree = "<group>";
		};
		9E76E80D18C19B0800D409D6 /* Supporting Files */ = {
			isa = PBXGroup;
			children = (
				9E76E80E18C19B0800D409D6 /* PassingEncount-Info.plist */,
				9E76E80F18C19B0800D409D6 /* InfoPlist.strings */,
				9E76E81218C19B0800D409D6 /* main.m */,
				9E76E81418C19B0800D409D6 /* PassingEncount-Prefix.pch */,
			);
			name = "Supporting Files";
			sourceTree = "<group>";
		};
		9E76E82518C19B0800D409D6 /* PassingEncountTests */ = {
			isa = PBXGroup;
			children = (
				9E76E82B18C19B0800D409D6 /* PassingEncountTests.m */,
				9E76E82618C19B0800D409D6 /* Supporting Files */,
			);
			path = PassingEncountTests;
			sourceTree = "<group>";
		};
		9E76E82618C19B0800D409D6 /* Supporting Files */ = {
			isa = PBXGroup;
			children = (
				9E76E82718C19B0800D409D6 /* PassingEncountTests-Info.plist */,
				9E76E82818C19B0800D409D6 /* InfoPlist.strings */,
			);
			name = "Supporting Files";
			sourceTree = "<group>";
		};
		9E76E83518C19D2C00D409D6 /* ViewControllers */ = {
			isa = PBXGroup;
			children = (
				9E76E83B18C19DCF00D409D6 /* EnoTabBarController.h */,
				9E76E83C18C19DCF00D409D6 /* EnoTabBarController.m */,
				9E76E83E18C19EEC00D409D6 /* EnoPassingViewController.h */,
				9E76E83F18C19EEC00D409D6 /* EnoPassingViewController.m */,
				9E76E84018C19EEC00D409D6 /* EnoPassingViewController.xib */,
				9E76E84318C1A0A400D409D6 /* EnoMyProfileViewController.h */,
				9E76E84418C1A0A400D409D6 /* EnoMyProfileViewController.m */,
				9E76E84518C1A0A400D409D6 /* EnoMyProfileViewController.xib */,
				9E76E85718C247E000D409D6 /* EnoEditIconViewController.h */,
				9E76E85818C247E000D409D6 /* EnoEditIconViewController.m */,
				9E76E85918C247E000D409D6 /* EnoEditIconViewController.xib */,
			);
			name = ViewControllers;
			sourceTree = "<group>";
		};
		9E76E85318C1FF2400D409D6 /* Views */ = {
			isa = PBXGroup;
			children = (
				9E76E85418C1FF7F00D409D6 /* EnoUIAsyncImageView.h */,
				9E76E85518C1FF7F00D409D6 /* EnoUIAsyncImageView.m */,
				9E76E86E18C2DE7F00D409D6 /* EnoPassingTableViewCell.h */,
				9E76E86F18C2DE7F00D409D6 /* EnoPassingTableViewCell.m */,
				9E76E87118C2DED700D409D6 /* EnoPassingTableViewCell.xib */,
			);
			name = Views;
			sourceTree = "<group>";
		};
		9E76E85C18C25E2800D409D6 /* Models */ = {
			isa = PBXGroup;
			children = (
				9E76E86B18C2785C00D409D6 /* EnoNSUserDefaults.h */,
				9E76E86C18C2785C00D409D6 /* EnoNSUserDefaults.m */,
				9E76E86118C25F8F00D409D6 /* EnoProfileInfo.h */,
				9E76E86218C25F8F00D409D6 /* EnoProfileInfo.m */,
				9E76E87318C302A500D409D6 /* EnoPassingInfo.h */,
				9E76E87418C302A500D409D6 /* EnoPassingInfo.m */,
			);
			name = Models;
			sourceTree = "<group>";
		};
		9E76E85D18C25F4200D409D6 /* Parsers */ = {
			isa = PBXGroup;
			children = (
				9E76E86418C260A400D409D6 /* EnoProfileJsonParser.h */,
				9E76E86518C260A400D409D6 /* EnoProfileJsonParser.m */,
			);
			name = Parsers;
			sourceTree = "<group>";
		};
		9E76E86718C2718B00D409D6 /* Utils */ = {
			isa = PBXGroup;
			children = (
				9E76E86818C271C600D409D6 /* EnoConst.h */,
				9E76E86918C271C600D409D6 /* EnoConst.m */,
			);
			name = Utils;
			sourceTree = "<group>";
		};
/* End PBXGroup section */

/* Begin PBXNativeTarget section */
		9E76E80218C19B0700D409D6 /* PassingEncount */ = {
			isa = PBXNativeTarget;
			buildConfigurationList = 9E76E82F18C19B0800D409D6 /* Build configuration list for PBXNativeTarget "PassingEncount" */;
			buildPhases = (
				9E76E7FF18C19B0700D409D6 /* Sources */,
				9E76E80018C19B0700D409D6 /* Frameworks */,
				9E76E80118C19B0700D409D6 /* Resources */,
			);
			buildRules = (
			);
			dependencies = (
			);
			name = PassingEncount;
			productName = PassingEncount;
			productReference = 9E76E80318C19B0700D409D6 /* PassingEncount.app */;
			productType = "com.apple.product-type.application";
		};
		9E76E81D18C19B0800D409D6 /* PassingEncountTests */ = {
			isa = PBXNativeTarget;
			buildConfigurationList = 9E76E83218C19B0800D409D6 /* Build configuration list for PBXNativeTarget "PassingEncountTests" */;
			buildPhases = (
				9E76E81A18C19B0800D409D6 /* Sources */,
				9E76E81B18C19B0800D409D6 /* Frameworks */,
				9E76E81C18C19B0800D409D6 /* Resources */,
			);
			buildRules = (
			);
			dependencies = (
				9E76E82418C19B0800D409D6 /* PBXTargetDependency */,
			);
			name = PassingEncountTests;
			productName = PassingEncountTests;
			productReference = 9E76E81E18C19B0800D409D6 /* PassingEncountTests.xctest */;
			productType = "com.apple.product-type.bundle.unit-test";
		};
/* End PBXNativeTarget section */

/* Begin PBXProject section */
		9E76E7FB18C19B0700D409D6 /* Project object */ = {
			isa = PBXProject;
			attributes = {
				CLASSPREFIX = Eno;
				LastUpgradeCheck = 0500;
				ORGANIZATIONNAME = "Hiroto Kitamur";
				TargetAttributes = {
					9E76E81D18C19B0800D409D6 = {
						TestTargetID = 9E76E80218C19B0700D409D6;
					};
				};
			};
			buildConfigurationList = 9E76E7FE18C19B0700D409D6 /* Build configuration list for PBXProject "PassingEncount" */;
			compatibilityVersion = "Xcode 3.2";
			developmentRegion = English;
			hasScannedForEncodings = 0;
			knownRegions = (
				en,
			);
			mainGroup = 9E76E7FA18C19B0700D409D6;
			productRefGroup = 9E76E80418C19B0700D409D6 /* Products */;
			projectDirPath = "";
			projectRoot = "";
			targets = (
				9E76E80218C19B0700D409D6 /* PassingEncount */,
				9E76E81D18C19B0800D409D6 /* PassingEncountTests */,
			);
		};
/* End PBXProject section */

/* Begin PBXResourcesBuildPhase section */
		9E76E80118C19B0700D409D6 /* Resources */ = {
			isa = PBXResourcesBuildPhase;
			buildActionMask = 2147483647;
			files = (
				9E76E87218C2DED700D409D6 /* EnoPassingTableViewCell.xib in Resources */,
				9E76E81118C19B0800D409D6 /* InfoPlist.strings in Resources */,
				9E76E81918C19B0800D409D6 /* Images.xcassets in Resources */,
				9E76E84218C19EEC00D409D6 /* EnoPassingViewController.xib in Resources */,
				9E76E84718C1A0A400D409D6 /* EnoMyProfileViewController.xib in Resources */,
				9E76E85B18C247E000D409D6 /* EnoEditIconViewController.xib in Resources */,
			);
			runOnlyForDeploymentPostprocessing = 0;
		};
		9E76E81C18C19B0800D409D6 /* Resources */ = {
			isa = PBXResourcesBuildPhase;
			buildActionMask = 2147483647;
			files = (
				9E76E82A18C19B0800D409D6 /* InfoPlist.strings in Resources */,
			);
			runOnlyForDeploymentPostprocessing = 0;
		};
/* End PBXResourcesBuildPhase section */

/* Begin PBXSourcesBuildPhase section */
		9E76E7FF18C19B0700D409D6 /* Sources */ = {
			isa = PBXSourcesBuildPhase;
			buildActionMask = 2147483647;
			files = (
				9E76E87518C302A500D409D6 /* EnoPassingInfo.m in Sources */,
				9E76E84618C1A0A400D409D6 /* EnoMyProfileViewController.m in Sources */,
				9E76E81318C19B0800D409D6 /* main.m in Sources */,
				9E76E83D18C19DCF00D409D6 /* EnoTabBarController.m in Sources */,
				9E76E86318C25F8F00D409D6 /* EnoProfileInfo.m in Sources */,
				9E76E86A18C271C600D409D6 /* EnoConst.m in Sources */,
				9E76E85618C1FF7F00D409D6 /* EnoUIAsyncImageView.m in Sources */,
				9E76E87018C2DE7F00D409D6 /* EnoPassingTableViewCell.m in Sources */,
				9E76E81718C19B0800D409D6 /* EnoAppDelegate.m in Sources */,
				9E76E86618C260A400D409D6 /* EnoProfileJsonParser.m in Sources */,
				9E76E84118C19EEC00D409D6 /* EnoPassingViewController.m in Sources */,
				9E76E86D18C2785C00D409D6 /* EnoNSUserDefaults.m in Sources */,
				9E76E85A18C247E000D409D6 /* EnoEditIconViewController.m in Sources */,
			);
			runOnlyForDeploymentPostprocessing = 0;
		};
		9E76E81A18C19B0800D409D6 /* Sources */ = {
			isa = PBXSourcesBuildPhase;
			buildActionMask = 2147483647;
			files = (
				9E76E82C18C19B0800D409D6 /* PassingEncountTests.m in Sources */,
			);
			runOnlyForDeploymentPostprocessing = 0;
		};
/* End PBXSourcesBuildPhase section */

/* Begin PBXTargetDependency section */
		9E76E82418C19B0800D409D6 /* PBXTargetDependency */ = {
			isa = PBXTargetDependency;
			target = 9E76E80218C19B0700D409D6 /* PassingEncount */;
			targetProxy = 9E76E82318C19B0800D409D6 /* PBXContainerItemProxy */;
		};
/* End PBXTargetDependency section */

/* Begin PBXVariantGroup section */
		9E76E80F18C19B0800D409D6 /* InfoPlist.strings */ = {
			isa = PBXVariantGroup;
			children = (
				9E76E81018C19B0800D409D6 /* en */,
			);
			name = InfoPlist.strings;
			sourceTree = "<group>";
		};
		9E76E82818C19B0800D409D6 /* InfoPlist.strings */ = {
			isa = PBXVariantGroup;
			children = (
				9E76E82918C19B0800D409D6 /* en */,
			);
			name = InfoPlist.strings;
			sourceTree = "<group>";
		};
/* End PBXVariantGroup section */

/* Begin XCBuildConfiguration section */
		9E76E82D18C19B0800D409D6 /* Debug */ = {
			isa = XCBuildConfiguration;
			buildSettings = {
				ALWAYS_SEARCH_USER_PATHS = NO;
				ARCHS = "$(ARCHS_STANDARD_INCLUDING_64_BIT)";
				CLANG_CXX_LANGUAGE_STANDARD = "gnu++0x";
				CLANG_CXX_LIBRARY = "libc++";
				CLANG_ENABLE_MODULES = YES;
				CLANG_ENABLE_OBJC_ARC = YES;
				CLANG_WARN_BOOL_CONVERSION = YES;
				CLANG_WARN_CONSTANT_CONVERSION = YES;
				CLANG_WARN_DIRECT_OBJC_ISA_USAGE = YES_ERROR;
				CLANG_WARN_EMPTY_BODY = YES;
				CLANG_WARN_ENUM_CONVERSION = YES;
				CLANG_WARN_INT_CONVERSION = YES;
				CLANG_WARN_OBJC_ROOT_CLASS = YES_ERROR;
				CLANG_WARN__DUPLICATE_METHOD_MATCH = YES;
				"CODE_SIGN_IDENTITY[sdk=iphoneos*]" = "iPhone Developer";
				COPY_PHASE_STRIP = NO;
				GCC_C_LANGUAGE_STANDARD = gnu99;
				GCC_DYNAMIC_NO_PIC = NO;
				GCC_OPTIMIZATION_LEVEL = 0;
				GCC_PREPROCESSOR_DEFINITIONS = (
					"DEBUG=1",
					"$(inherited)",
				);
				GCC_SYMBOLS_PRIVATE_EXTERN = NO;
				GCC_WARN_64_TO_32_BIT_CONVERSION = YES;
				GCC_WARN_ABOUT_RETURN_TYPE = YES_ERROR;
				GCC_WARN_UNDECLARED_SELECTOR = YES;
				GCC_WARN_UNINITIALIZED_AUTOS = YES;
				GCC_WARN_UNUSED_FUNCTION = YES;
				GCC_WARN_UNUSED_VARIABLE = YES;
				IPHONEOS_DEPLOYMENT_TARGET = 7.0;
				ONLY_ACTIVE_ARCH = YES;
				SDKROOT = iphoneos;
			};
			name = Debug;
		};
		9E76E82E18C19B0800D409D6 /* Release */ = {
			isa = XCBuildConfiguration;
			buildSettings = {
				ALWAYS_SEARCH_USER_PATHS = NO;
				ARCHS = "$(ARCHS_STANDARD_INCLUDING_64_BIT)";
				CLANG_CXX_LANGUAGE_STANDARD = "gnu++0x";
				CLANG_CXX_LIBRARY = "libc++";
				CLANG_ENABLE_MODULES = YES;
				CLANG_ENABLE_OBJC_ARC = YES;
				CLANG_WARN_BOOL_CONVERSION = YES;
				CLANG_WARN_CONSTANT_CONVERSION = YES;
				CLANG_WARN_DIRECT_OBJC_ISA_USAGE = YES_ERROR;
				CLANG_WARN_EMPTY_BODY = YES;
				CLANG_WARN_ENUM_CONVERSION = YES;
				CLANG_WARN_INT_CONVERSION = YES;
				CLANG_WARN_OBJC_ROOT_CLASS = YES_ERROR;
				CLANG_WARN__DUPLICATE_METHOD_MATCH = YES;
				"CODE_SIGN_IDENTITY[sdk=iphoneos*]" = "iPhone Developer";
				COPY_PHASE_STRIP = YES;
				ENABLE_NS_ASSERTIONS = NO;
				GCC_C_LANGUAGE_STANDARD = gnu99;
				GCC_WARN_64_TO_32_BIT_CONVERSION = YES;
				GCC_WARN_ABOUT_RETURN_TYPE = YES_ERROR;
				GCC_WARN_UNDECLARED_SELECTOR = YES;
				GCC_WARN_UNINITIALIZED_AUTOS = YES;
				GCC_WARN_UNUSED_FUNCTION = YES;
				GCC_WARN_UNUSED_VARIABLE = YES;
				IPHONEOS_DEPLOYMENT_TARGET = 7.0;
				SDKROOT = iphoneos;
				VALIDATE_PRODUCT = YES;
			};
			name = Release;
		};
		9E76E83018C19B0800D409D6 /* Debug */ = {
			isa = XCBuildConfiguration;
			buildSettings = {
				ASSETCATALOG_COMPILER_APPICON_NAME = AppIcon;
				ASSETCATALOG_COMPILER_LAUNCHIMAGE_NAME = LaunchImage;
				GCC_PRECOMPILE_PREFIX_HEADER = YES;
				GCC_PREFIX_HEADER = "PassingEncount/PassingEncount-Prefix.pch";
				INFOPLIST_FILE = "PassingEncount/PassingEncount-Info.plist";
				PRODUCT_NAME = "$(TARGET_NAME)";
				WRAPPER_EXTENSION = app;
			};
			name = Debug;
		};
		9E76E83118C19B0800D409D6 /* Release */ = {
			isa = XCBuildConfiguration;
			buildSettings = {
				ASSETCATALOG_COMPILER_APPICON_NAME = AppIcon;
				ASSETCATALOG_COMPILER_LAUNCHIMAGE_NAME = LaunchImage;
				GCC_PRECOMPILE_PREFIX_HEADER = YES;
				GCC_PREFIX_HEADER = "PassingEncount/PassingEncount-Prefix.pch";
				INFOPLIST_FILE = "PassingEncount/PassingEncount-Info.plist";
				PRODUCT_NAME = "$(TARGET_NAME)";
				WRAPPER_EXTENSION = app;
			};
			name = Release;
		};
		9E76E83318C19B0800D409D6 /* Debug */ = {
			isa = XCBuildConfiguration;
			buildSettings = {
				ARCHS = "$(ARCHS_STANDARD_INCLUDING_64_BIT)";
				BUNDLE_LOADER = "$(BUILT_PRODUCTS_DIR)/PassingEncount.app/PassingEncount";
				FRAMEWORK_SEARCH_PATHS = (
					"$(SDKROOT)/Developer/Library/Frameworks",
					"$(inherited)",
					"$(DEVELOPER_FRAMEWORKS_DIR)",
				);
				GCC_PRECOMPILE_PREFIX_HEADER = YES;
				GCC_PREFIX_HEADER = "PassingEncount/PassingEncount-Prefix.pch";
				GCC_PREPROCESSOR_DEFINITIONS = (
					"DEBUG=1",
					"$(inherited)",
				);
				INFOPLIST_FILE = "PassingEncountTests/PassingEncountTests-Info.plist";
				PRODUCT_NAME = "$(TARGET_NAME)";
				TEST_HOST = "$(BUNDLE_LOADER)";
				WRAPPER_EXTENSION = xctest;
			};
			name = Debug;
		};
		9E76E83418C19B0800D409D6 /* Release */ = {
			isa = XCBuildConfiguration;
			buildSettings = {
				ARCHS = "$(ARCHS_STANDARD_INCLUDING_64_BIT)";
				BUNDLE_LOADER = "$(BUILT_PRODUCTS_DIR)/PassingEncount.app/PassingEncount";
				FRAMEWORK_SEARCH_PATHS = (
					"$(SDKROOT)/Developer/Library/Frameworks",
					"$(inherited)",
					"$(DEVELOPER_FRAMEWORKS_DIR)",
				);
				GCC_PRECOMPILE_PREFIX_HEADER = YES;
				GCC_PREFIX_HEADER = "PassingEncount/PassingEncount-Prefix.pch";
				INFOPLIST_FILE = "PassingEncountTests/PassingEncountTests-Info.plist";
				PRODUCT_NAME = "$(TARGET_NAME)";
				TEST_HOST = "$(BUNDLE_LOADER)";
				WRAPPER_EXTENSION = xctest;
			};
			name = Release;
		};
/* End XCBuildConfiguration section */

/* Begin XCConfigurationList section */
		9E76E7FE18C19B0700D409D6 /* Build configuration list for PBXProject "PassingEncount" */ = {
			isa = XCConfigurationList;
			buildConfigurations = (
				9E76E82D18C19B0800D409D6 /* Debug */,
				9E76E82E18C19B0800D409D6 /* Release */,
			);
			defaultConfigurationIsVisible = 0;
			defaultConfigurationName = Release;
		};
		9E76E82F18C19B0800D409D6 /* Build configuration list for PBXNativeTarget "PassingEncount" */ = {
			isa = XCConfigurationList;
			buildConfigurations = (
				9E76E83018C19B0800D409D6 /* Debug */,
				9E76E83118C19B0800D409D6 /* Release */,
			);
			defaultConfigurationIsVisible = 0;
			defaultConfigurationName = Release;
		};
		9E76E83218C19B0800D409D6 /* Build configuration list for PBXNativeTarget "PassingEncountTests" */ = {
			isa = XCConfigurationList;
			buildConfigurations = (
				9E76E83318C19B0800D409D6 /* Debug */,
				9E76E83418C19B0800D409D6 /* Release */,
			);
			defaultConfigurationIsVisible = 0;
			defaultConfigurationName = Release;
		};
/* End XCConfigurationList section */
	};
	rootObject = 9E76E7FB18C19B0700D409D6 /* Project object */;
}
